
Microsoft Visual Studio Solution File, Format Version 12.00
# Visual Studio Version 16
VisualStudioVersion = 16.0.28729.10
MinimumVisualStudioVersion = 10.0.40219.1
Project("{FAE04EC0-301F-11D3-BF4B-00C04F79EFBC}") = "WebMVCtest", "WebMVCtest\WebMVCtest.csproj", "{BE545622-0BE6-475A-A73D-016E4CBFAF71}"
EndProject
Global
	GlobalSection(SolutionConfigurationPlatforms) = preSolution
		Debug|Any CPU = Debug|Any CPU
		Release|Any CPU = Release|Any CPU
	EndGlobalSection
	GlobalSection(ProjectConfigurationPlatforms) = postSolution
		{BE545622-0BE6-475A-A73D-016E4CBFAF71}.Debug|Any CPU.ActiveCfg = Debug|Any CPU
		{BE545622-0BE6-475A-A73D-016E4CBFAF71}.Debug|Any CPU.Build.0 = Debug|Any CPU
		{BE545622-0BE6-475A-A73D-016E4CBFAF71}.Release|Any CPU.ActiveCfg = Release|Any CPU
		{BE545622-0BE6-475A-A73D-016E4CBFAF71}.Release|Any CPU.Build.0 = Release|Any CPU
	EndGlobalSection
	GlobalSection(SolutionProperties) = preSolution
		HideSolutionNode = FALSE
	EndGlobalSection
	GlobalSection(ExtensibilityGlobals) = postSolution
		SolutionGuid = {42F9F955-E2EE-41E4-A0DD-4B044065D531}
	EndGlobalSection
EndGlobal
